{
  "name": "react-webpack-client",
  "version": "0.0.3",
  "lockfileVersion": 1,
  "requires": true,
  "dependencies": {
    "async-foreach": {
      "version": "0.1.3",
      "resolved": "https://registry.npmjs.org/async-foreach/-/async-foreach-0.1.3.tgz",
      "integrity": "sha1-NhIfhFwFeBct5Bmpfb6x0W7DRUI="
    },
    "asynckit": {
      "version": "0.4.0",
      "resolved": "https://registry.npmjs.org/asynckit/-/asynckit-0.4.0.tgz",
      "integrity": "sha1-x57Zf380y48robyXkLzDZkdLS3k="
    },
    "babel-core": {
      "version": "6.25.0",
      "resolved": "https://registry.npmjs.org/babel-core/-/babel-core-6.25.0.tgz",
      "integrity": "sha1-fdQrBGPHQunVKW3rPsZ6kyLa1yk=",
      "dev": true,
      "dependencies": {
        "source-map": {
          "version": "0.5.6",
          "resolved": "https://registry.npmjs.org/source-map/-/source-map-0.5.6.tgz",
          "integrity": "sha1-dc449SvwczxafwwRjYEzSiu19BI="
        }
      }
    },
    "babel-loader": {
      "version": "6.4.1",
      "resolved": "https://registry.npmjs.org/babel-loader/-/babel-loader-6.4.1.tgz",
      "integrity": "sha1-CzQRLVsHSKjc2/Uaz2+b1C1QuMo=",
      "dev": true,
      "dependencies": {
        "loader-utils": {
          "version": "0.2.17",
          "resolved": "https://registry.npmjs.org/loader-utils/-/loader-utils-0.2.17.tgz",
          "integrity": "sha1-+G5jdNQyBabmxg6RlvF8Apm/s0g="
        }
      }
    },
    "babel-plugin-transform-class-properties": {
      "version": "6.24.1",
      "resolved": "https://registry.npmjs.org/babel-plugin-transform-class-properties/-/babel-plugin-transform-class-properties-6.24.1.tgz",
      "integrity": "sha1-anl2PqYdM9NvN7YRqp3vgagbRqw=",
      "dev": true
    },
    "babel-plugin-transform-decorators-legacy": {
      "version": "1.3.4",
      "resolved": "https://registry.npmjs.org/babel-plugin-transform-decorators-legacy/-/babel-plugin-transform-decorators-legacy-1.3.4.tgz",
      "integrity": "sha1-dBtY9sW86eYCfgiC2cmU8E82aSU=",
      "dev": true
    },
    "babel-plugin-transform-runtime": {
      "version": "6.23.0",
      "resolved": "https://registry.npmjs.org/babel-plugin-transform-runtime/-/babel-plugin-transform-runtime-6.23.0.tgz",
      "integrity": "sha1-iEkNRGUC6puOfvsP4J7E2ZR5se4=",
      "dev": true
    },
    "babel-preset-es2015": {
      "version": "6.22.0",
      "resolved": "https://registry.npmjs.org/babel-preset-es2015/-/babel-preset-es2015-6.22.0.tgz",
      "integrity": "sha1-r1qY7LNeuK92StiloF6zbcQ4aDU=",
      "dev": true
    },
    "babel-preset-react": {
      "version": "6.24.1",
      "resolved": "https://registry.npmjs.org/babel-preset-react/-/babel-preset-react-6.24.1.tgz",
      "integrity": "sha1-umnfrqRfw+xjm2pOzqbhdwLJE4A=",
      "dev": true
    },
    "babel-runtime": {
      "version": "6.23.0",
      "resolved": "https://registry.npmjs.org/babel-runtime/-/babel-runtime-6.23.0.tgz",
      "integrity": "sha1-CpSJ8UTecO+zzkMArM2zKeL8VDs=",
      "dev": true,
      "dependencies": {
        "core-js": {
          "version": "2.4.1",
          "resolved": "https://registry.npmjs.org/core-js/-/core-js-2.4.1.tgz",
          "integrity": "sha1-TekR5mew6ukSTjQlS1OupvxhjT4="
        }
      }
    },
    "caseless": {
      "version": "0.12.0",
      "resolved": "https://registry.npmjs.org/caseless/-/caseless-0.12.0.tgz",
      "integrity": "sha1-G2gcIf+EAzyCZUMJBolCDRhxUdw="
    },
    "chalk": {
      "version": "1.1.3",
      "resolved": "https://registry.npmjs.org/chalk/-/chalk-1.1.3.tgz",
      "integrity": "sha1-qBFcVeSnAv5NFQq9OHKCKn4J/Jg="
    },
    "cross-spawn": {
      "version": "3.0.1",
      "resolved": "https://registry.npmjs.org/cross-spawn/-/cross-spawn-3.0.1.tgz",
      "integrity": "sha1-ElYDfsufDF9549bvE14wdwGEuYI="
    },
    "css-loader": {
      "version": "0.26.1",
      "resolved": "https://registry.npmjs.org/css-loader/-/css-loader-0.26.1.tgz",
      "integrity": "sha1-K6fyATG5NZdJaz6btQB4WknNKeo=",
      "dev": true,
      "dependencies": {
        "loader-utils": {
          "version": "0.2.17",
          "resolved": "https://registry.npmjs.org/loader-utils/-/loader-utils-0.2.17.tgz",
          "integrity": "sha1-+G5jdNQyBabmxg6RlvF8Apm/s0g="
        }
      }
    },
    "deepstream.io-client-js": {
      "version": "2.2.1",
      "resolved": "https://registry.npmjs.org/deepstream.io-client-js/-/deepstream.io-client-js-2.2.1.tgz",
      "integrity": "sha1-FePErWrx/OxpckNICrn8egtlttY=",
      "dependencies": {
        "safe-buffer": {
          "version": "5.0.1",
          "resolved": "https://registry.npmjs.org/safe-buffer/-/safe-buffer-5.0.1.tgz",
          "integrity": "sha1-0mPKVGls2KMGtcplUekt5XkY++c="
        },
        "ultron": {
          "version": "1.1.0",
          "resolved": "https://registry.npmjs.org/ultron/-/ultron-1.1.0.tgz",
          "integrity": "sha1-sHoualQagV/Go0zNRTO67DB8qGQ="
        },
        "ws": {
          "version": "2.3.1",
          "resolved": "https://registry.npmjs.org/ws/-/ws-2.3.1.tgz",
          "integrity": "sha1-a5Sz5EfLajY/eF6vlK9jWejoHIA="
        }
      }
    },
    "delayed-stream": {
      "version": "1.0.0",
      "resolved": "https://registry.npmjs.org/delayed-stream/-/delayed-stream-1.0.0.tgz",
      "integrity": "sha1-3zrhmayt+31ECqrgsp4icrJOxhk="
    },
    "extract-text-webpack-plugin": {
      "version": "2.1.2",
      "resolved": "https://registry.npmjs.org/extract-text-webpack-plugin/-/extract-text-webpack-plugin-2.1.2.tgz",
      "integrity": "sha1-dW7076gVXDaBgz+8NNpTuUF0bWw=",
      "dev": true
    },
    "fast-json-stable-stringify": {
      "version": "2.1.0",
      "resolved": "https://registry.npmjs.org/fast-json-stable-stringify/-/fast-json-stable-stringify-2.1.0.tgz",
      "integrity": "sha512-lhd/wF+Lk98HZoTCtlVraHtfh5XYijIjalXck7saUtuanSDyLMxnHhSXEDJqHxD7msR8D0uCmqlkwjCV8xvwHw=="
    },
    "file-loader": {
      "version": "0.10.1",
      "resolved": "https://registry.npmjs.org/file-loader/-/file-loader-0.10.1.tgz",
      "integrity": "sha1-gVA0EZiR/GRB+1pkwRvJPCLd2EI=",
      "dev": true
    },
    "forever-agent": {
      "version": "0.6.1",
      "resolved": "https://registry.npmjs.org/forever-agent/-/forever-agent-0.6.1.tgz",
      "integrity": "sha1-+8cfDEGt6zf5bFd60e1C2P2sypE="
    },
    "fstream": {
      "version": "1.0.11",
      "resolved": "https://registry.npmjs.org/fstream/-/fstream-1.0.11.tgz",
      "integrity": "sha1-XB+x8RdHcRTwYyoOtLcbPLD9MXE="
    },
    "gaze": {
      "version": "1.1.2",
      "resolved": "https://registry.npmjs.org/gaze/-/gaze-1.1.2.tgz",
      "integrity": "sha1-hHIkZ3rbiHDWeSV+0ziP22HkAQU="
    },
    "get-stdin": {
      "version": "4.0.1",
      "resolved": "https://registry.npmjs.org/get-stdin/-/get-stdin-4.0.1.tgz",
      "integrity": "sha1-uWjGsKBDhDJJAui/Gl3zJXmkUP4="
    },
    "glob": {
      "version": "7.1.2",
      "resolved": "https://registry.npmjs.org/glob/-/glob-7.1.2.tgz",
      "integrity": "sha512-MJTUg1kjuLeQCJ+ccE4Vpa6kKVXkPYJ2mOCQyUuKLcLQsdrMCpBPUi8qVE6+YuaJkozeA9NusTAw3hLr8Xe5EQ=="
    },
    "graceful-fs": {
      "version": "4.1.11",
      "resolved": "https://registry.npmjs.org/graceful-fs/-/graceful-fs-4.1.11.tgz",
      "integrity": "sha1-Dovf5NHduIVNZOBOp8AOKgJuVlg="
    },
    "html-webpack-plugin": {
      "version": "2.29.0",
      "resolved": "https://registry.npmjs.org/html-webpack-plugin/-/html-webpack-plugin-2.29.0.tgz",
      "integrity": "sha1-6Yf0IYU9O2k4yMTIFxhC5f0XryM=",
      "dev": true,
      "dependencies": {
        "loader-utils": {
          "version": "0.2.17",
          "resolved": "https://registry.npmjs.org/loader-utils/-/loader-utils-0.2.17.tgz",
          "integrity": "sha1-+G5jdNQyBabmxg6RlvF8Apm/s0g="
        }
      }
    },
    "in-publish": {
      "version": "2.0.0",
      "resolved": "https://registry.npmjs.org/in-publish/-/in-publish-2.0.0.tgz",
      "integrity": "sha1-4g/146KvwmkDILbcVSaCqcf631E="
    },
    "is-typedarray": {
      "version": "1.0.0",
      "resolved": "https://registry.npmjs.org/is-typedarray/-/is-typedarray-1.0.0.tgz",
      "integrity": "sha1-5HnICFjfDBsR3dppQPlgEfzaSpo="
    },
    "isstream": {
      "version": "0.1.2",
      "resolved": "https://registry.npmjs.org/isstream/-/isstream-0.1.2.tgz",
      "integrity": "sha1-R+Y/evVa+m+S4VAOaQ64uFKcCZo="
    },
    "json-stringify-safe": {
      "version": "5.0.1",
      "resolved": "https://registry.npmjs.org/json-stringify-safe/-/json-stringify-safe-5.0.1.tgz",
      "integrity": "sha1-Epai1Y/UXxmg9s4B1lcB4sc1tus="
    },
    "jsprim": {
      "version": "1.4.0",
      "resolved": "https://registry.npmjs.org/jsprim/-/jsprim-1.4.0.tgz",
      "integrity": "sha1-o7h+QCmNjDgFUtjMdiigu5WiKRg=",
      "dependencies": {
        "assert-plus": {
          "version": "1.0.0",
          "resolved": "https://registry.npmjs.org/assert-plus/-/assert-plus-1.0.0.tgz",
          "integrity": "sha1-8S4PPF13sLHN2RRpQuTpbB5N1SU="
        }
      }
    },
    "meow": {
      "version": "3.7.0",
      "resolved": "https://registry.npmjs.org/meow/-/meow-3.7.0.tgz",
      "integrity": "sha1-cstmi0JSKCkKu/qFaJJYcwioAfs="
    },
    "mkdirp": {
      "version": "0.5.1",
      "resolved": "https://registry.npmjs.org/mkdirp/-/mkdirp-0.5.1.tgz",
      "integrity": "sha1-MAV0OOrGz3+MR2fzhkjWaX11yQM=",
      "dependencies": {
        "minimist": {
          "version": "0.0.8",
          "resolved": "https://registry.npmjs.org/minimist/-/minimist-0.0.8.tgz",
          "integrity": "sha1-hX/Kv8M5fSYluCKCYuhqp6ARsF0="
        }
      }
    },
    "node-sass": {
      "version": "4.13.1",
      "resolved": "https://registry.npmjs.org/node-sass/-/node-sass-4.13.1.tgz",
      "integrity": "sha512-TTWFx+ZhyDx1Biiez2nB0L3YrCZ/8oHagaDalbuBSlqXgUPsdkUSzJsVxeDO9LtPB49+Fh3WQl3slABo6AotNw==",
      "requires": {
        "async-foreach": "^0.1.3",
        "chalk": "^1.1.1",
        "cross-spawn": "^3.0.0",
        "gaze": "^1.0.0",
        "get-stdin": "^4.0.1",
        "glob": "^7.0.3",
        "in-publish": "^2.0.0",
        "lodash": "^4.17.15",
        "meow": "^3.7.0",
        "mkdirp": "^0.5.1",
        "nan": "^2.13.2",
        "node-gyp": "^3.8.0",
        "npmlog": "^4.0.0",
        "request": "^2.88.0",
        "sass-graph": "^2.2.4",
        "stdout-stream": "^1.4.0",
        "true-case-path": "^1.0.2"
      },
      "dependencies": {
        "ajv": {
          "version": "6.12.4",
          "resolved": "https://registry.npmjs.org/ajv/-/ajv-6.12.4.tgz",
          "integrity": "sha512-eienB2c9qVQs2KWexhkrdMLVDoIQCz5KSeLxwg9Lzk4DOfBtIK9PQwwufcsn1jjGuf9WZmqPMbGxOzfcuphJCQ==",
          "requires": {
            "fast-deep-equal": "^3.1.1",
            "fast-json-stable-stringify": "^2.0.0",
            "json-schema-traverse": "^0.4.1",
            "uri-js": "^4.2.2"
          }
        },
        "assert-plus": {
          "version": "1.0.0",
          "resolved": "https://registry.npmjs.org/assert-plus/-/assert-plus-1.0.0.tgz",
          "integrity": "sha1-8S4PPF13sLHN2RRpQuTpbB5N1SU="
        },
        "aws-sign2": {
          "version": "0.7.0",
          "resolved": "https://registry.npmjs.org/aws-sign2/-/aws-sign2-0.7.0.tgz",
          "integrity": "sha1-tG6JCTSpWR8tL2+G1+ap8bP+dqg="
        },
        "aws4": {
          "version": "1.10.1",
          "resolved": "https://registry.npmjs.org/aws4/-/aws4-1.10.1.tgz",
          "integrity": "sha512-zg7Hz2k5lI8kb7U32998pRRFin7zJlkfezGJjUc2heaD4Pw2wObakCDVzkKztTm/Ln7eiVvYsjqak0Ed4LkMDA=="
        },
        "combined-stream": {
          "version": "1.0.8",
          "resolved": "https://registry.npmjs.org/combined-stream/-/combined-stream-1.0.8.tgz",
          "integrity": "sha512-FQN4MRfuJeHf7cBbBMJFXhKSDq+2kAArBlmRBvcvFE5BB1HZKXtSFASDhdlz9zOYwxh8lDdnvmMOe/+5cdoEdg==",
          "requires": {
            "delayed-stream": "~1.0.0"
          }
        },
        "extend": {
          "version": "3.0.2",
          "resolved": "https://registry.npmjs.org/extend/-/extend-3.0.2.tgz",
          "integrity": "sha512-fjquC59cD7CyW6urNXK0FBufkZcoiGG80wTuPujX590cB5Ttln20E2UB4S/WARVqhXffZl2LNgS+gQdPIIim/g=="
        },
        "fast-deep-equal": {
          "version": "3.1.3",
          "resolved": "https://registry.npmjs.org/fast-deep-equal/-/fast-deep-equal-3.1.3.tgz",
          "integrity": "sha512-f3qQ9oQy9j2AhBe/H9VC91wLmKBCCU/gDOnKNAYG5hswO7BLKj09Hc5HYNz9cGI++xlpDCIgDaitVs03ATR84Q=="
        },
        "form-data": {
          "version": "2.3.3",
          "resolved": "https://registry.npmjs.org/form-data/-/form-data-2.3.3.tgz",
          "integrity": "sha512-1lLKB2Mu3aGP1Q/2eCOx0fNbRMe7XdwktwOruhfqqd0rIJWwN4Dh+E3hrPSlDCXnSR7UtZ1N38rVXm+6+MEhJQ==",
          "requires": {
            "asynckit": "^0.4.0",
            "combined-stream": "^1.0.6",
            "mime-types": "^2.1.12"
          }
        },
        "har-schema": {
          "version": "2.0.0",
          "resolved": "https://registry.npmjs.org/har-schema/-/har-schema-2.0.0.tgz",
          "integrity": "sha1-qUwiJOvKwEeCoNkDVSHyRzW37JI="
        },
        "har-validator": {
          "version": "5.1.5",
          "resolved": "https://registry.npmjs.org/har-validator/-/har-validator-5.1.5.tgz",
          "integrity": "sha512-nmT2T0lljbxdQZfspsno9hgrG3Uir6Ks5afism62poxqBM6sDnMEuPmzTq8XN0OEwqKLLdh1jQI3qyE66Nzb3w==",
          "requires": {
            "ajv": "^6.12.3",
            "har-schema": "^2.0.0"
          }
        },
        "http-signature": {
          "version": "1.2.0",
          "resolved": "https://registry.npmjs.org/http-signature/-/http-signature-1.2.0.tgz",
          "integrity": "sha1-muzZJRFHcvPZW2WmCruPfBj7rOE=",
          "requires": {
            "assert-plus": "^1.0.0",
            "jsprim": "^1.2.2",
            "sshpk": "^1.7.0"
          }
        },
        "json-schema-traverse": {
          "version": "0.4.1",
          "resolved": "https://registry.npmjs.org/json-schema-traverse/-/json-schema-traverse-0.4.1.tgz",
          "integrity": "sha512-xbbCH5dCYU5T8LcEhhuh7HJ88HXuW3qsI3Y0zOZFKfZEHcpWiHU/Jxzk629Brsab/mMiHQti9wMP+845RPe3Vg=="
        },
        "lodash": {
          "version": "4.17.20",
          "resolved": "https://registry.npmjs.org/lodash/-/lodash-4.17.20.tgz",
          "integrity": "sha512-PlhdFcillOINfeV7Ni6oF1TAEayyZBoZ8bcshTHqOYJYlrqzRK5hagpagky5o4HfCzzd1TRkXPMFq6cKk9rGmA=="
        },
        "mime-db": {
          "version": "1.44.0",
          "resolved": "https://registry.npmjs.org/mime-db/-/mime-db-1.44.0.tgz",
          "integrity": "sha512-/NOTfLrsPBVeH7YtFPgsVWveuL+4SjjYxaQ1xtM1KMFj7HdxlBlxeyNLzhyJVx7r4rZGJAZ/6lkKCitSc/Nmpg=="
        },
        "mime-types": {
          "version": "2.1.27",
          "resolved": "https://registry.npmjs.org/mime-types/-/mime-types-2.1.27.tgz",
          "integrity": "sha512-JIhqnCasI9yD+SsmkquHBxTSEuZdQX5BuQnS2Vc7puQQQ+8yiP5AY5uWhpdv4YL4VM5c6iliiYWPgJ/nJQLp7w==",
          "requires": {
            "mime-db": "1.44.0"
          }
        },
        "nan": {
          "version": "2.14.1",
          "resolved": "https://registry.npmjs.org/nan/-/nan-2.14.1.tgz",
          "integrity": "sha512-isWHgVjnFjh2x2yuJ/tj3JbwoHu3UC2dX5G/88Cm24yB6YopVgxvBObDY7n5xW6ExmFhJpSEQqFPvq9zaXc8Jw=="
        },
        "node-gyp": {
          "version": "3.8.0",
          "resolved": "https://registry.npmjs.org/node-gyp/-/node-gyp-3.8.0.tgz",
          "integrity": "sha512-3g8lYefrRRzvGeSowdJKAKyks8oUpLEd/DyPV4eMhVlhJ0aNaZqIrNUIPuEWWTAoPqyFkfGrM67MC69baqn6vA==",
          "requires": {
            "fstream": "^1.0.0",
            "glob": "^7.0.3",
            "graceful-fs": "^4.1.2",
            "mkdirp": "^0.5.0",
            "nopt": "2 || 3",
            "npmlog": "0 || 1 || 2 || 3 || 4",
            "osenv": "0",
            "request": "^2.87.0",
            "rimraf": "2",
            "semver": "~5.3.0",
            "tar": "^2.0.0",
            "which": "1"
          }
        },
        "oauth-sign": {
          "version": "0.9.0",
          "resolved": "https://registry.npmjs.org/oauth-sign/-/oauth-sign-0.9.0.tgz",
          "integrity": "sha512-fexhUFFPTGV8ybAtSIGbV6gOkSv8UtRbDBnAyLQw4QPKkgNlsH2ByPGtMUqdWkos6YCRmAqViwgZrJc/mRDzZQ=="
        },
        "performance-now": {
          "version": "2.1.0",
          "resolved": "https://registry.npmjs.org/performance-now/-/performance-now-2.1.0.tgz",
          "integrity": "sha1-Ywn04OX6kT7BxpMHrjZLSzd8nns="
        },
        "punycode": {
          "version": "2.1.1",
          "resolved": "https://registry.npmjs.org/punycode/-/punycode-2.1.1.tgz",
          "integrity": "sha512-XRsRjdf+j5ml+y/6GKHPZbrF/8p2Yga0JPtdqTIY2Xe5ohJPD9saDJJLPvp9+NSBprVvevdXZybnj2cv8OEd0A=="
        },
        "qs": {
          "version": "6.5.2",
          "resolved": "https://registry.npmjs.org/qs/-/qs-6.5.2.tgz",
          "integrity": "sha512-N5ZAX4/LxJmF+7wN74pUD6qAh9/wnvdQcjq9TZjevvXzSUo7bfmw91saqMjzGS2xq91/odN2dW/WOl7qQHNDGA=="
        },
        "request": {
          "version": "2.88.2",
          "resolved": "https://registry.npmjs.org/request/-/request-2.88.2.tgz",
          "integrity": "sha512-MsvtOrfG9ZcrOwAW+Qi+F6HbD0CWXEh9ou77uOb7FM2WPhwT7smM833PzanhJLsgXjN89Ir6V2PczXNnMpwKhw==",
          "requires": {
            "aws-sign2": "~0.7.0",
            "aws4": "^1.8.0",
            "caseless": "~0.12.0",
            "combined-stream": "~1.0.6",
            "extend": "~3.0.2",
            "forever-agent": "~0.6.1",
            "form-data": "~2.3.2",
            "har-validator": "~5.1.3",
            "http-signature": "~1.2.0",
            "is-typedarray": "~1.0.0",
            "isstream": "~0.1.2",
            "json-stringify-safe": "~5.0.1",
            "mime-types": "~2.1.19",
            "oauth-sign": "~0.9.0",
            "performance-now": "^2.1.0",
            "qs": "~6.5.2",
            "safe-buffer": "^5.1.2",
            "tough-cookie": "~2.5.0",
            "tunnel-agent": "^0.6.0",
            "uuid": "^3.3.2"
          }
        },
        "safe-buffer": {
          "version": "5.2.1",
          "resolved": "https://registry.npmjs.org/safe-buffer/-/safe-buffer-5.2.1.tgz",
          "integrity": "sha512-rp3So07KcdmmKbGvgaNxQSJr7bGVSVk5S9Eq1F+ppbRo70+YeaDxkw5Dd8NPN+GD6bjnYm2VuPuCXmpuYvmCXQ=="
        },
        "tough-cookie": {
          "version": "2.5.0",
          "resolved": "https://registry.npmjs.org/tough-cookie/-/tough-cookie-2.5.0.tgz",
          "integrity": "sha512-nlLsUzgm1kfLXSXfRZMc1KLAugd4hqJHDTvc2hDIwS3mZAfMEuMbc03SujMF+GEcpaX/qboeycw6iO8JwVv2+g==",
          "requires": {
            "psl": "^1.1.28",
            "punycode": "^2.1.1"
          }
        },
        "uuid": {
          "version": "3.4.0",
          "resolved": "https://registry.npmjs.org/uuid/-/uuid-3.4.0.tgz",
          "integrity": "sha512-HjSDRw6gZE5JMggctHBcjVak08+KEVhSIiDzFnT9S9aegmp85S/bReBVTb4QTFaRNptJ9kuYaNhnbNEOkbKb/A=="
        }
      }
    },
    "nopt": {
      "version": "3.0.6",
      "resolved": "https://registry.npmjs.org/nopt/-/nopt-3.0.6.tgz",
      "integrity": "sha1-xkZdvwirzU2zWTF/eaxopkayj/k="
    },
    "npmlog": {
      "version": "4.1.2",
      "resolved": "https://registry.npmjs.org/npmlog/-/npmlog-4.1.2.tgz",
      "integrity": "sha512-2uUqazuKlTaSI/dC8AzicUck7+IrEaOnN/e0jd3Xtt1KcGpwx30v50mL7oPyr/h9bL3E4aZccVwpwP+5W9Vjkg=="
    },
    "osenv": {
      "version": "0.1.4",
      "resolved": "https://registry.npmjs.org/osenv/-/osenv-0.1.4.tgz",
      "integrity": "sha1-Qv5tWVPfBsgGS+bxdsPQWqqjRkQ="
    },
    "postcss-loader": {
      "version": "1.3.3",
      "resolved": "https://registry.npmjs.org/postcss-loader/-/postcss-loader-1.3.3.tgz",
      "integrity": "sha1-piHqH6KQYqg5cqRvVEhncTAZFus=",
      "dev": true
    },
    "psl": {
      "version": "1.8.0",
      "resolved": "https://registry.npmjs.org/psl/-/psl-1.8.0.tgz",
      "integrity": "sha512-RIdOzyoavK+hA18OGGWDqUTsCLhtA7IcZ/6NCs4fFJaHBDab+pDDmDIByWFRQJq2Cd7r1OoQxBGKOaztq+hjIQ=="
    },
    "react": {
      "version": "15.4.2",
      "resolved": "https://registry.npmjs.org/react/-/react-15.4.2.tgz",
      "integrity": "sha1-QfeZGyYYU5K6m66WyIiefgGDl+8="
    },
    "react-dom": {
      "version": "15.4.2",
      "resolved": "https://registry.npmjs.org/react-dom/-/react-dom-15.4.2.tgz",
      "integrity": "sha1-AVNj8FsKH9Uq6e/dOgBg2QaVII8="
    },
    "react-hot-loader": {
      "version": "3.0.0-beta.7",
      "resolved": "https://registry.npmjs.org/react-hot-loader/-/react-hot-loader-3.0.0-beta.7.tgz",
      "integrity": "sha1-1YR7gWXXMcTVsw2G1dRxYieg+oM=",
      "dev": true
    },
    "rimraf": {
      "version": "2.6.1",
      "resolved": "https://registry.npmjs.org/rimraf/-/rimraf-2.6.1.tgz",
      "integrity": "sha1-wjOOxkPfeht/5cVPqG9XQopV8z0="
    },
    "sass-graph": {
      "version": "2.2.4",
      "resolved": "https://registry.npmjs.org/sass-graph/-/sass-graph-2.2.4.tgz",
      "integrity": "sha1-E/vWPNHK8JCLn9k0dq1DpR0eC0k="
    },
    "sass-loader": {
      "version": "6.0.6",
      "resolved": "https://registry.npmjs.org/sass-loader/-/sass-loader-6.0.6.tgz",
      "integrity": "sha512-c3/Zc+iW+qqDip6kXPYLEgsAu2lf4xz0EZDplB7EmSUMda12U1sGJPetH55B/j9eu0bTtKzKlNPWWyYC7wFNyQ==",
      "dependencies": {
        "pify": {
          "version": "3.0.0",
          "resolved": "https://registry.npmjs.org/pify/-/pify-3.0.0.tgz",
          "integrity": "sha1-5aSs0sEB/fPZpNB/DbxNtJ3SgXY="
        }
      }
    },
    "semver": {
      "version": "5.3.0",
      "resolved": "https://registry.npmjs.org/semver/-/semver-5.3.0.tgz",
      "integrity": "sha1-myzl094C0XxgEq0yaqa00M9U+U8="
    },
    "sshpk": {
      "version": "1.13.1",
      "resolved": "https://registry.npmjs.org/sshpk/-/sshpk-1.13.1.tgz",
      "integrity": "sha1-US322mKHFEMW3EwY/hzx2UBzm+M=",
      "dependencies": {
        "assert-plus": {
          "version": "1.0.0",
          "resolved": "https://registry.npmjs.org/assert-plus/-/assert-plus-1.0.0.tgz",
          "integrity": "sha1-8S4PPF13sLHN2RRpQuTpbB5N1SU="
        }
      }
    },
    "stdout-stream": {
      "version": "1.4.0",
      "resolved": "https://registry.npmjs.org/stdout-stream/-/stdout-stream-1.4.0.tgz",
      "integrity": "sha1-osfIWH5U2UJ+qe2zrD8s1SLfN4s="
    },
    "style-loader": {
      "version": "0.13.1",
      "resolved": "https://registry.npmjs.org/style-loader/-/style-loader-0.13.1.tgz",
      "integrity": "sha1-RoKA77wEcwI806bNVuM7Wh1/w6k=",
      "dev": true,
      "dependencies": {
        "loader-utils": {
          "version": "0.2.17",
          "resolved": "https://registry.npmjs.org/loader-utils/-/loader-utils-0.2.17.tgz",
          "integrity": "sha1-+G5jdNQyBabmxg6RlvF8Apm/s0g="
        }
      }
    },
    "tar": {
      "version": "2.2.1",
      "resolved": "https://registry.npmjs.org/tar/-/tar-2.2.1.tgz",
      "integrity": "sha1-jk0qJWwOIYXGsYrWlK7JaLg8sdE="
    },
    "true-case-path": {
      "version": "1.0.3",
      "resolved": "https://registry.npmjs.org/true-case-path/-/true-case-path-1.0.3.tgz",
      "integrity": "sha512-m6s2OdQe5wgpFMC+pAJ+q9djG82O2jcHPOI6RNg1yy9rCYR+WD6Nbpl32fDpfC56nirdRy+opFa/Vk7HYhqaew==",
      "requires": {
        "glob": "^7.1.2"
      }
    },
    "tunnel-agent": {
      "version": "0.6.0",
      "resolved": "https://registry.npmjs.org/tunnel-agent/-/tunnel-agent-0.6.0.tgz",
      "integrity": "sha1-J6XeoGs2sEoKmWZ3SykIaPD8QP0="
    },
    "uri-js": {
      "version": "4.4.0",
      "resolved": "https://registry.npmjs.org/uri-js/-/uri-js-4.4.0.tgz",
      "integrity": "sha512-B0yRTzYdUCCn9n+F4+Gh4yIDtMQcaJsmYBDsTSG8g/OejKBodLQ2IHfN3bM7jUsRXndopT7OIXWdYqc1fjmV6g==",
      "requires": {
        "punycode": "^2.1.0"
      },
      "dependencies": {
        "punycode": {
          "version": "2.1.1",
          "resolved": "https://registry.npmjs.org/punycode/-/punycode-2.1.1.tgz",
          "integrity": "sha512-XRsRjdf+j5ml+y/6GKHPZbrF/8p2Yga0JPtdqTIY2Xe5ohJPD9saDJJLPvp9+NSBprVvevdXZybnj2cv8OEd0A=="
        }
      }
    },
    "url-loader": {
      "version": "0.5.7",
      "resolved": "https://registry.npmjs.org/url-loader/-/url-loader-0.5.7.tgz",
      "integrity": "sha1-Z+h3l1n4AA2nSZSQZoDJQ6mwkl0=",
      "dev": true,
      "dependencies": {
        "loader-utils": {
          "version": "0.2.17",
          "resolved": "https://registry.npmjs.org/loader-utils/-/loader-utils-0.2.17.tgz",
          "integrity": "sha1-+G5jdNQyBabmxg6RlvF8Apm/s0g="
        }
      }
    },
    "webpack": {
      "version": "3.3.0",
      "resolved": "https://registry.npmjs.org/webpack/-/webpack-3.3.0.tgz",
      "integrity": "sha1-zi+eB2Vmq6kfdIhxM6iD/X2hh7w=",
      "dev": true,
      "dependencies": {
        "ajv": {
          "version": "5.2.2",
          "resolved": "https://registry.npmjs.org/ajv/-/ajv-5.2.2.tgz",
          "integrity": "sha1-R8aNaehvXZUxA7AHSpQw3GPaXjk="
        },
        "camelcase": {
          "version": "3.0.0",
          "resolved": "https://registry.npmjs.org/camelcase/-/camelcase-3.0.0.tgz",
          "integrity": "sha1-MvxLn82vhF/N9+c7uXysImHwqwo="
        },
        "source-map": {
          "version": "0.5.6",
          "resolved": "https://registry.npmjs.org/source-map/-/source-map-0.5.6.tgz",
          "integrity": "sha1-dc449SvwczxafwwRjYEzSiu19BI="
        },
        "supports-color": {
          "version": "3.2.3",
          "resolved": "https://registry.npmjs.org/supports-color/-/supports-color-3.2.3.tgz",
          "integrity": "sha1-ZawFBLOVQXHYpklGsq48u4pfVPY="
        },
        "yargs": {
          "version": "6.6.0",
          "resolved": "https://registry.npmjs.org/yargs/-/yargs-6.6.0.tgz",
          "integrity": "sha1-eC7CHvQDNF+DCoCMo9UTr1YGUgg="
        },
        "yargs-parser": {
          "version": "4.2.1",
          "resolved": "https://registry.npmjs.org/yargs-parser/-/yargs-parser-4.2.1.tgz",
          "integrity": "sha1-KczqwNxPA8bIe0qfIX3RjJ90hxw="
        }
      }
    },
    "webpack-cleanup-plugin": {
      "version": "0.4.2",
      "resolved": "https://registry.npmjs.org/webpack-cleanup-plugin/-/webpack-cleanup-plugin-0.4.2.tgz",
      "integrity": "sha1-5cA/MkUHVnl48FzsB5bzw9UcPzU=",
      "dev": true,
      "dependencies": {
        "minimatch": {
          "version": "3.0.3",
          "resolved": "https://registry.npmjs.org/minimatch/-/minimatch-3.0.3.tgz",
          "integrity": "sha1-Kk5AkLlrLbBqnX3wEFWmKnfJt3Q="
        }
      }
    },
    "webpack-dashboard": {
      "version": "0.3.0",
      "resolved": "https://registry.npmjs.org/webpack-dashboard/-/webpack-dashboard-0.3.0.tgz",
      "integrity": "sha1-0P4YKgl2qP8OoBsFB/KaA0zWChw=",
      "dev": true,
      "dependencies": {
        "cross-spawn": {
          "version": "4.0.2",
          "resolved": "https://registry.npmjs.org/cross-spawn/-/cross-spawn-4.0.2.tgz",
          "integrity": "sha1-e5JHYhwjrf3ThWAEqCPL45dCTUE="
        }
      }
    },
    "webpack-dev-server": {
      "version": "2.5.1",
      "resolved": "https://registry.npmjs.org/webpack-dev-server/-/webpack-dev-server-2.5.1.tgz",
      "integrity": "sha1-oC5yaoe7YD211xq7fW0mSb8Qx2k=",
      "dev": true,
      "dependencies": {
        "camelcase": {
          "version": "3.0.0",
          "resolved": "https://registry.npmjs.org/camelcase/-/camelcase-3.0.0.tgz",
          "integrity": "sha1-MvxLn82vhF/N9+c7uXysImHwqwo="
        },
        "supports-color": {
          "version": "3.2.3",
          "resolved": "https://registry.npmjs.org/supports-color/-/supports-color-3.2.3.tgz",
          "integrity": "sha1-ZawFBLOVQXHYpklGsq48u4pfVPY="
        },
        "yargs": {
          "version": "6.6.0",
          "resolved": "https://registry.npmjs.org/yargs/-/yargs-6.6.0.tgz",
          "integrity": "sha1-eC7CHvQDNF+DCoCMo9UTr1YGUgg="
        },
        "yargs-parser": {
          "version": "4.2.1",
          "resolved": "https://registry.npmjs.org/yargs-parser/-/yargs-parser-4.2.1.tgz",
          "integrity": "sha1-KczqwNxPA8bIe0qfIX3RjJ90hxw="
        }
      }
    },
    "which": {
      "version": "1.2.14",
      "resolved": "https://registry.npmjs.org/which/-/which-1.2.14.tgz",
      "integrity": "sha1-mofEN48D6CfOyvGs31bHNsAcFOU="
    }
  }
}
