{
  "name": "deepstream-server",
  "version": "1.0.0",
  "lockfileVersion": 1,
  "requires": true,
  "dependencies": {
    "deepstream.io": {
      "version": "2.4.0",
      "resolved": "https://registry.npmjs.org/deepstream.io/-/deepstream.io-2.4.0.tgz",
      "integrity": "sha1-bm+3l00DNAczjDOSqZJJSzJsbwQ="
    },
    "deepstream.io-storage-rethinkdb": {
      "version": "1.0.2",
      "resolved": "https://registry.npmjs.org/deepstream.io-storage-rethinkdb/-/deepstream.io-storage-rethinkdb-1.0.2.tgz",
      "integrity": "sha1-Pdt1izcTQpQOhtobnQaLuzE3rMI="
    }
  }
}
